// !$*UTF8*$!
{
	archiveVersion = 1;
	classes = {
	};
	objectVersion = 50;
	objects = {

/* Begin PBXBuildFile section */
		01462531256922630031E0B4 /* MoviesData in Resources */ = {isa = PBXBuildFile; fileRef = 01462530256922630031E0B4 /* MoviesData */; };
		01462535256927540031E0B4 /* Movie.swift in Sources */ = {isa = PBXBuildFile; fileRef = 01462534256927540031E0B4 /* Movie.swift */; };
		0146253A25692BE70031E0B4 /* JSONMovieReader.swift in Sources */ = {isa = PBXBuildFile; fileRef = 0146253925692BE70031E0B4 /* JSONMovieReader.swift */; };
		01B8872C256AD4AB00C7645B /* AddMovieController.swift in Sources */ = {isa = PBXBuildFile; fileRef = 01B8872B256AD4AB00C7645B /* AddMovieController.swift */; };
		01B88730256ADFBD00C7645B /* AddMovieView.swift in Sources */ = {isa = PBXBuildFile; fileRef = 01B8872F256ADFBD00C7645B /* AddMovieView.swift */; };
		0C28912F25178C2C002B4028 /* AppDelegate.swift in Sources */ = {isa = PBXBuildFile; fileRef = 0C28912E25178C2C002B4028 /* AppDelegate.swift */; };
		0C28913125178C2C002B4028 /* SceneDelegate.swift in Sources */ = {isa = PBXBuildFile; fileRef = 0C28913025178C2C002B4028 /* SceneDelegate.swift */; };
		0C28913325178C2C002B4028 /* TableViewController.swift in Sources */ = {isa = PBXBuildFile; fileRef = 0C28913225178C2C002B4028 /* TableViewController.swift */; };
		0C28913625178C2C002B4028 /* Main.storyboard in Resources */ = {isa = PBXBuildFile; fileRef = 0C28913425178C2C002B4028 /* Main.storyboard */; };
		0C28913825178C30002B4028 /* Assets.xcassets in Resources */ = {isa = PBXBuildFile; fileRef = 0C28913725178C30002B4028 /* Assets.xcassets */; };
		0C28913B25178C30002B4028 /* LaunchScreen.storyboard in Resources */ = {isa = PBXBuildFile; fileRef = 0C28913925178C30002B4028 /* LaunchScreen.storyboard */; };
/* End PBXBuildFile section */

/* Begin PBXFileReference section */
		01462530256922630031E0B4 /* MoviesData */ = {isa = PBXFileReference; lastKnownFileType = folder; path = MoviesData; sourceTree = "<group>"; };
		01462534256927540031E0B4 /* Movie.swift */ = {isa = PBXFileReference; lastKnownFileType = sourcecode.swift; path = Movie.swift; sourceTree = "<group>"; };
		0146253925692BE70031E0B4 /* JSONMovieReader.swift */ = {isa = PBXFileReference; lastKnownFileType = sourcecode.swift; path = JSONMovieReader.swift; sourceTree = "<group>"; };
		01B88728256A66C600C7645B /* L3_README.md */ = {isa = PBXFileReference; lastKnownFileType = net.daringfireball.markdown; path = L3_README.md; sourceTree = "<group>"; };
		01B8872B256AD4AB00C7645B /* AddMovieController.swift */ = {isa = PBXFileReference; lastKnownFileType = sourcecode.swift; path = AddMovieController.swift; sourceTree = "<group>"; };
		01B8872F256ADFBD00C7645B /* AddMovieView.swift */ = {isa = PBXFileReference; lastKnownFileType = sourcecode.swift; path = AddMovieView.swift; sourceTree = "<group>"; };
		0C28912B25178C2C002B4028 /* MobileDevelopment.app */ = {isa = PBXFileReference; explicitFileType = wrapper.application; includeInIndex = 0; path = MobileDevelopment.app; sourceTree = BUILT_PRODUCTS_DIR; };
		0C28912E25178C2C002B4028 /* AppDelegate.swift */ = {isa = PBXFileReference; lastKnownFileType = sourcecode.swift; path = AppDelegate.swift; sourceTree = "<group>"; };
		0C28913025178C2C002B4028 /* SceneDelegate.swift */ = {isa = PBXFileReference; lastKnownFileType = sourcecode.swift; path = SceneDelegate.swift; sourceTree = "<group>"; };
		0C28913225178C2C002B4028 /* TableViewController.swift */ = {isa = PBXFileReference; lastKnownFileType = sourcecode.swift; path = TableViewController.swift; sourceTree = "<group>"; };
		0C28913525178C2C002B4028 /* Base */ = {isa = PBXFileReference; lastKnownFileType = file.storyboard; name = Base; path = Base.lproj/Main.storyboard; sourceTree = "<group>"; };
		0C28913725178C30002B4028 /* Assets.xcassets */ = {isa = PBXFileReference; lastKnownFileType = folder.assetcatalog; path = Assets.xcassets; sourceTree = "<group>"; };
		0C28913A25178C30002B4028 /* Base */ = {isa = PBXFileReference; lastKnownFileType = file.storyboard; name = Base; path = Base.lproj/LaunchScreen.storyboard; sourceTree = "<group>"; };
		0C28913C25178C30002B4028 /* Info.plist */ = {isa = PBXFileReference; lastKnownFileType = text.plist.xml; path = Info.plist; sourceTree = "<group>"; };
		0C2891472517958C002B4028 /* README.md */ = {isa = PBXFileReference; lastKnownFileType = net.daringfireball.markdown; path = README.md; sourceTree = "<group>"; };
/* End PBXFileReference section */

/* Begin PBXFrameworksBuildPhase section */
		0C28912825178C2C002B4028 /* Frameworks */ = {
			isa = PBXFrameworksBuildPhase;
			buildActionMask = 2147483647;
			files = (
			);
			runOnlyForDeploymentPostprocessing = 0;
		};
/* End PBXFrameworksBuildPhase section */

/* Begin PBXGroup section */
		01462533256927390031E0B4 /* models */ = {
			isa = PBXGroup;
			children = (
				01462534256927540031E0B4 /* Movie.swift */,
			);
			path = models;
			sourceTree = "<group>";
		};
		0146253725692AA10031E0B4 /* lib */ = {
			isa = PBXGroup;
			children = (
				0146253925692BE70031E0B4 /* JSONMovieReader.swift */,
			);
			path = lib;
			sourceTree = "<group>";
		};
		01B88727256A667B00C7645B /* readme */ = {
			isa = PBXGroup;
			children = (
				01B88728256A66C600C7645B /* L3_README.md */,
			);
			path = readme;
			sourceTree = "<group>";
		};
		01B8872A256AD48E00C7645B /* controllers */ = {
			isa = PBXGroup;
			children = (
				01B8872B256AD4AB00C7645B /* AddMovieController.swift */,
			);
			path = controllers;
			sourceTree = "<group>";
		};
		01B8872E256ADF9F00C7645B /* views */ = {
			isa = PBXGroup;
			children = (
				01B8872F256ADFBD00C7645B /* AddMovieView.swift */,
			);
			path = views;
			sourceTree = "<group>";
		};
		0C28912225178C2C002B4028 = {
			isa = PBXGroup;
			children = (
				01B88727256A667B00C7645B /* readme */,
				0C28912D25178C2C002B4028 /* MobileDevelopment */,
				0C28912C25178C2C002B4028 /* Products */,
			);
			sourceTree = "<group>";
		};
		0C28912C25178C2C002B4028 /* Products */ = {
			isa = PBXGroup;
			children = (
				0C28912B25178C2C002B4028 /* MobileDevelopment.app */,
			);
			name = Products;
			sourceTree = "<group>";
		};
		0C28912D25178C2C002B4028 /* MobileDevelopment */ = {
			isa = PBXGroup;
			children = (
				01B8872E256ADF9F00C7645B /* views */,
				01B8872A256AD48E00C7645B /* controllers */,
				0146253725692AA10031E0B4 /* lib */,
				01462533256927390031E0B4 /* models */,
				01462530256922630031E0B4 /* MoviesData */,
				0C28912E25178C2C002B4028 /* AppDelegate.swift */,
				0C28913025178C2C002B4028 /* SceneDelegate.swift */,
				0C28913225178C2C002B4028 /* TableViewController.swift */,
				0C28913425178C2C002B4028 /* Main.storyboard */,
				0C28913725178C30002B4028 /* Assets.xcassets */,
				0C28913925178C30002B4028 /* LaunchScreen.storyboard */,
				0C28913C25178C30002B4028 /* Info.plist */,
				0C2891472517958C002B4028 /* README.md */,
			);
			path = MobileDevelopment;
			sourceTree = "<group>";
		};
/* End PBXGroup section */

/* Begin PBXNativeTarget section */
		0C28912A25178C2C002B4028 /* MobileDevelopment */ = {
			isa = PBXNativeTarget;
			buildConfigurationList = 0C28913F25178C30002B4028 /* Build configuration list for PBXNativeTarget "MobileDevelopment" */;
			buildPhases = (
				0C28912725178C2C002B4028 /* Sources */,
				0C28912825178C2C002B4028 /* Frameworks */,
				0C28912925178C2C002B4028 /* Resources */,
			);
			buildRules = (
			);
			dependencies = (
			);
			name = MobileDevelopment;
			productName = MobileDevelopment;
			productReference = 0C28912B25178C2C002B4028 /* MobileDevelopment.app */;
			productType = "com.apple.product-type.application";
		};
/* End PBXNativeTarget section */

/* Begin PBXProject section */
		0C28912325178C2C002B4028 /* Project object */ = {
			isa = PBXProject;
			attributes = {
				LastSwiftUpdateCheck = 1200;
				LastUpgradeCheck = 1210;
				TargetAttributes = {
					0C28912A25178C2C002B4028 = {
						CreatedOnToolsVersion = 12.0;
					};
				};
			};
			buildConfigurationList = 0C28912625178C2C002B4028 /* Build configuration list for PBXProject "MobileDevelopment" */;
			compatibilityVersion = "Xcode 9.3";
			developmentRegion = en;
			hasScannedForEncodings = 0;
			knownRegions = (
				en,
				Base,
			);
			mainGroup = 0C28912225178C2C002B4028;
			productRefGroup = 0C28912C25178C2C002B4028 /* Products */;
			projectDirPath = "";
			projectRoot = "";
			targets = (
				0C28912A25178C2C002B4028 /* MobileDevelopment */,
			);
		};
/* End PBXProject section */

/* Begin PBXResourcesBuildPhase section */
		0C28912925178C2C002B4028 /* Resources */ = {
			isa = PBXResourcesBuildPhase;
			buildActionMask = 2147483647;
			files = (
				0C28913B25178C30002B4028 /* LaunchScreen.storyboard in Resources */,
				0C28913825178C30002B4028 /* Assets.xcassets in Resources */,
				0C28913625178C2C002B4028 /* Main.storyboard in Resources */,
				01462531256922630031E0B4 /* MoviesData in Resources */,
			);
			runOnlyForDeploymentPostprocessing = 0;
		};
/* End PBXResourcesBuildPhase section */

/* Begin PBXSourcesBuildPhase section */
		0C28912725178C2C002B4028 /* Sources */ = {
			isa = PBXSourcesBuildPhase;
			buildActionMask = 2147483647;
			files = (
				0146253A25692BE70031E0B4 /* JSONMovieReader.swift in Sources */,
				0C28913325178C2C002B4028 /* TableViewController.swift in Sources */,
				01B88730256ADFBD00C7645B /* AddMovieView.swift in Sources */,
				0C28912F25178C2C002B4028 /* AppDelegate.swift in Sources */,
				01462535256927540031E0B4 /* Movie.swift in Sources */,
				01B8872C256AD4AB00C7645B /* AddMovieController.swift in Sources */,
				0C28913125178C2C002B4028 /* SceneDelegate.swift in Sources */,
			);
			runOnlyForDeploymentPostprocessing = 0;
		};
/* End PBXSourcesBuildPhase section */

/* Begin PBXVariantGroup section */
		0C28913425178C2C002B4028 /* Main.storyboard */ = {
			isa = PBXVariantGroup;
			children = (
				0C28913525178C2C002B4028 /* Base */,
			);
			name = Main.storyboard;
			sourceTree = "<group>";
		};
		0C28913925178C30002B4028 /* LaunchScreen.storyboard */ = {
			isa = PBXVariantGroup;
			children = (
				0C28913A25178C30002B4028 /* Base */,
			);
			name = LaunchScreen.storyboard;
			sourceTree = "<group>";
		};
/* End PBXVariantGroup section */

/* Begin XCBuildConfiguration section */
		0C28913D25178C30002B4028 /* Debug */ = {
			isa = XCBuildConfiguration;
			buildSettings = {
				ALWAYS_SEARCH_USER_PATHS = NO;
				CLANG_ANALYZER_NONNULL = YES;
				CLANG_ANALYZER_NUMBER_OBJECT_CONVERSION = YES_AGGRESSIVE;
				CLANG_CXX_LANGUAGE_STANDARD = "gnu++14";
				CLANG_CXX_LIBRARY = "libc++";
				CLANG_ENABLE_MODULES = YES;
				CLANG_ENABLE_OBJC_ARC = YES;
				CLANG_ENABLE_OBJC_WEAK = YES;
				CLANG_WARN_BLOCK_CAPTURE_AUTORELEASING = YES;
				CLANG_WARN_BOOL_CONVERSION = YES;
				CLANG_WARN_COMMA = YES;
				CLANG_WARN_CONSTANT_CONVERSION = YES;
				CLANG_WARN_DEPRECATED_OBJC_IMPLEMENTATIONS = YES;
				CLANG_WARN_DIRECT_OBJC_ISA_USAGE = YES_ERROR;
				CLANG_WARN_DOCUMENTATION_COMMENTS = YES;
				CLANG_WARN_EMPTY_BODY = YES;
				CLANG_WARN_ENUM_CONVERSION = YES;
				CLANG_WARN_INFINITE_RECURSION = YES;
				CLANG_WARN_INT_CONVERSION = YES;
				CLANG_WARN_NON_LITERAL_NULL_CONVERSION = YES;
				CLANG_WARN_OBJC_IMPLICIT_RETAIN_SELF = YES;
				CLANG_WARN_OBJC_LITERAL_CONVERSION = YES;
				CLANG_WARN_OBJC_ROOT_CLASS = YES_ERROR;
				CLANG_WARN_QUOTED_INCLUDE_IN_FRAMEWORK_HEADER = YES;
				CLANG_WARN_RANGE_LOOP_ANALYSIS = YES;
				CLANG_WARN_STRICT_PROTOTYPES = YES;
				CLANG_WARN_SUSPICIOUS_MOVE = YES;
				CLANG_WARN_UNGUARDED_AVAILABILITY = YES_AGGRESSIVE;
				CLANG_WARN_UNREACHABLE_CODE = YES;
				CLANG_WARN__DUPLICATE_METHOD_MATCH = YES;
				COPY_PHASE_STRIP = NO;
				DEBUG_INFORMATION_FORMAT = dwarf;
				ENABLE_STRICT_OBJC_MSGSEND = YES;
				ENABLE_TESTABILITY = YES;
				GCC_C_LANGUAGE_STANDARD = gnu11;
				GCC_DYNAMIC_NO_PIC = NO;
				GCC_NO_COMMON_BLOCKS = YES;
				GCC_OPTIMIZATION_LEVEL = 0;
				GCC_PREPROCESSOR_DEFINITIONS = (
					"DEBUG=1",
					"$(inherited)",
				);
				GCC_WARN_64_TO_32_BIT_CONVERSION = YES;
				GCC_WARN_ABOUT_RETURN_TYPE = YES_ERROR;
				GCC_WARN_UNDECLARED_SELECTOR = YES;
				GCC_WARN_UNINITIALIZED_AUTOS = YES_AGGRESSIVE;
				GCC_WARN_UNUSED_FUNCTION = YES;
				GCC_WARN_UNUSED_VARIABLE = YES;
				IPHONEOS_DEPLOYMENT_TARGET = 14.0;
				MTL_ENABLE_DEBUG_INFO = INCLUDE_SOURCE;
				MTL_FAST_MATH = YES;
				ONLY_ACTIVE_ARCH = YES;
				SDKROOT = iphoneos;
				SWIFT_ACTIVE_COMPILATION_CONDITIONS = DEBUG;
				SWIFT_OPTIMIZATION_LEVEL = "-Onone";
			};
			name = Debug;
		};
		0C28913E25178C30002B4028 /* Release */ = {
			isa = XCBuildConfiguration;
			buildSettings = {
				ALWAYS_SEARCH_USER_PATHS = NO;
				CLANG_ANALYZER_NONNULL = YES;
				CLANG_ANALYZER_NUMBER_OBJECT_CONVERSION = YES_AGGRESSIVE;
				CLANG_CXX_LANGUAGE_STANDARD = "gnu++14";
				CLANG_CXX_LIBRARY = "libc++";
				CLANG_ENABLE_MODULES = YES;
				CLANG_ENABLE_OBJC_ARC = YES;
				CLANG_ENABLE_OBJC_WEAK = YES;
				CLANG_WARN_BLOCK_CAPTURE_AUTORELEASING = YES;
				CLANG_WARN_BOOL_CONVERSION = YES;
				CLANG_WARN_COMMA = YES;
				CLANG_WARN_CONSTANT_CONVERSION = YES;
				CLANG_WARN_DEPRECATED_OBJC_IMPLEMENTATIONS = YES;
				CLANG_WARN_DIRECT_OBJC_ISA_USAGE = YES_ERROR;
				CLANG_WARN_DOCUMENTATION_COMMENTS = YES;
				CLANG_WARN_EMPTY_BODY = YES;
				CLANG_WARN_ENUM_CONVERSION = YES;
				CLANG_WARN_INFINITE_RECURSION = YES;
				CLANG_WARN_INT_CONVERSION = YES;
				CLANG_WARN_NON_LITERAL_NULL_CONVERSION = YES;
				CLANG_WARN_OBJC_IMPLICIT_RETAIN_SELF = YES;
				CLANG_WARN_OBJC_LITERAL_CONVERSION = YES;
				CLANG_WARN_OBJC_ROOT_CLASS = YES_ERROR;
				CLANG_WARN_QUOTED_INCLUDE_IN_FRAMEWORK_HEADER = YES;
				CLANG_WARN_RANGE_LOOP_ANALYSIS = YES;
				CLANG_WARN_STRICT_PROTOTYPES = YES;
				CLANG_WARN_SUSPICIOUS_MOVE = YES;
				CLANG_WARN_UNGUARDED_AVAILABILITY = YES_AGGRESSIVE;
				CLANG_WARN_UNREACHABLE_CODE = YES;
				CLANG_WARN__DUPLICATE_METHOD_MATCH = YES;
				COPY_PHASE_STRIP = NO;
				DEBUG_INFORMATION_FORMAT = "dwarf-with-dsym";
				ENABLE_NS_ASSERTIONS = NO;
				ENABLE_STRICT_OBJC_MSGSEND = YES;
				GCC_C_LANGUAGE_STANDARD = gnu11;
				GCC_NO_COMMON_BLOCKS = YES;
				GCC_WARN_64_TO_32_BIT_CONVERSION = YES;
				GCC_WARN_ABOUT_RETURN_TYPE = YES_ERROR;
				GCC_WARN_UNDECLARED_SELECTOR = YES;
				GCC_WARN_UNINITIALIZED_AUTOS = YES_AGGRESSIVE;
				GCC_WARN_UNUSED_FUNCTION = YES;
				GCC_WARN_UNUSED_VARIABLE = YES;
				IPHONEOS_DEPLOYMENT_TARGET = 14.0;
				MTL_ENABLE_DEBUG_INFO = NO;
				MTL_FAST_MATH = YES;
				SDKROOT = iphoneos;
				SWIFT_COMPILATION_MODE = wholemodule;
				SWIFT_OPTIMIZATION_LEVEL = "-O";
				VALIDATE_PRODUCT = YES;
			};
			name = Release;
		};
		0C28914025178C30002B4028 /* Debug */ = {
			isa = XCBuildConfiguration;
			buildSettings = {
				ASSETCATALOG_COMPILER_APPICON_NAME = AppIcon;
				ASSETCATALOG_COMPILER_GLOBAL_ACCENT_COLOR_NAME = AccentColor;
				CODE_SIGN_STYLE = Automatic;
				INFOPLIST_FILE = MobileDevelopment/Info.plist;
				IPHONEOS_DEPLOYMENT_TARGET = 12.0;
				LD_RUNPATH_SEARCH_PATHS = (
					"$(inherited)",
					"@executable_path/Frameworks",
				);
				PRODUCT_BUNDLE_IDENTIFIER = ua.kpi.comsys.iv7210.MobileDevelopment;
				PRODUCT_NAME = "$(TARGET_NAME)";
				SWIFT_VERSION = 5.0;
				TARGETED_DEVICE_FAMILY = 1;
			};
			name = Debug;
		};
		0C28914125178C30002B4028 /* Release */ = {
			isa = XCBuildConfiguration;
			buildSettings = {
				ASSETCATALOG_COMPILER_APPICON_NAME = AppIcon;
				ASSETCATALOG_COMPILER_GLOBAL_ACCENT_COLOR_NAME = AccentColor;
				CODE_SIGN_STYLE = Automatic;
				INFOPLIST_FILE = MobileDevelopment/Info.plist;
				IPHONEOS_DEPLOYMENT_TARGET = 12.0;
				LD_RUNPATH_SEARCH_PATHS = (
					"$(inherited)",
					"@executable_path/Frameworks",
				);
				PRODUCT_BUNDLE_IDENTIFIER = ua.kpi.comsys.iv7210.MobileDevelopment;
				PRODUCT_NAME = "$(TARGET_NAME)";
				SWIFT_VERSION = 5.0;
				TARGETED_DEVICE_FAMILY = 1;
			};
			name = Release;
		};
/* End XCBuildConfiguration section */

/* Begin XCConfigurationList section */
		0C28912625178C2C002B4028 /* Build configuration list for PBXProject "MobileDevelopment" */ = {
			isa = XCConfigurationList;
			buildConfigurations = (
				0C28913D25178C30002B4028 /* Debug */,
				0C28913E25178C30002B4028 /* Release */,
			);
			defaultConfigurationIsVisible = 0;
			defaultConfigurationName = Release;
		};
		0C28913F25178C30002B4028 /* Build configuration list for PBXNativeTarget "MobileDevelopment" */ = {
			isa = XCConfigurationList;
			buildConfigurations = (
				0C28914025178C30002B4028 /* Debug */,
				0C28914125178C30002B4028 /* Release */,
			);
			defaultConfigurationIsVisible = 0;
			defaultConfigurationName = Release;
		};
/* End XCConfigurationList section */
	};
	rootObject = 0C28912325178C2C002B4028 /* Project object */;
}
